{
    "_readme": [
        "This file locks the dependencies of your project to a known state",
        "Read more about it at https://getcomposer.org/doc/01-basic-usage.md#installing-dependencies",
        "This file is @generated automatically"
    ],
    "content-hash": "a9c81a6df49f7dedaf5ad307a8507470",
    "packages": [
        {
            "name": "afragen/git-updater-lite",
            "version": "2.3.4",
            "source": {
                "type": "git",
                "url": "https://github.com/afragen/git-updater-lite.git",
                "reference": "d01d539688e73d485791934c373f8c5b07ab04e6"
            },
            "dist": {
                "type": "zip",
                "url": "https://api.github.com/repos/afragen/git-updater-lite/zipball/d01d539688e73d485791934c373f8c5b07ab04e6",
                "reference": "d01d539688e73d485791934c373f8c5b07ab04e6",
                "shasum": ""
            },
            "require": {
                "php": ">=7.4"
            },
            "require-dev": {
                "squizlabs/php_codesniffer": "3.10.3",
                "wp-coding-standards/wpcs": "~3.1.0",
                "yoast/phpunit-polyfills": "^1.1.0"
            },
            "type": "library",
            "autoload": {
                "classmap": [
                    "Lite.php"
                ]
            },
            "notification-url": "https://packagist.org/downloads/",
            "license": [
                "MIT"
            ],
            "authors": [
                {
                    "name": "Andy Fragen",
                    "email": "andy@thefragens.com",
                    "homepage": "https://github.com/afragen/git-updater-lite",
                    "role": "Developer"
                }
            ],
            "description": "A simple class to integrate with Git Updater for standalone plugin/theme updates.",
            "keywords": [
                "plugin",
                "theme",
                "updater",
                "wordpress"
            ],
            "support": {
                "issues": "https://github.com/afragen/git-updater-lite/issues",
                "source": "https://github.com/afragen/git-updater-lite/tree/2.3.4"
            },
            "funding": [
                {
                    "url": "https://github.com/afragen",
                    "type": "github"
                }
            ],
            "time": "2025-06-16T19:42:18+00:00"
        }
    ],
    "packages-dev": [],
    "aliases": [],
    "minimum-stability": "stable",
    "stability-flags": [],
    "prefer-stable": false,
    "prefer-lowest": false,
    "platform": [],
    "platform-dev": [],
    "plugin-api-version": "2.6.0"
}
